// !$*UTF8*$!
{
	archiveVersion = 1;
	classes = {
	};
	objectVersion = 50;
	objects = {

/* Begin PBXBuildFile section */
		7B33DD9B2148674500A9593F /* ButtonTypeStrategy.swift in Sources */ = {isa = PBXBuildFile; fileRef = 7B33DD9A2148674500A9593F /* ButtonTypeStrategy.swift */; };
		7B3DC9F921563A6700F0342E /* FastOperationTypeStrategy.swift in Sources */ = {isa = PBXBuildFile; fileRef = 7B3DC9F821563A6700F0342E /* FastOperationTypeStrategy.swift */; };
		7B487545215AC50F00002F7B /* UtilityTrasformation.swift in Sources */ = {isa = PBXBuildFile; fileRef = 7B487544215AC50F00002F7B /* UtilityTrasformation.swift */; };
		7B928F1221540F1000532DC9 /* NumberTypeStrategy.swift in Sources */ = {isa = PBXBuildFile; fileRef = 7B928F1121540F1000532DC9 /* NumberTypeStrategy.swift */; };
		7B928F1421540F5700532DC9 /* CommaTypeStrategy.swift in Sources */ = {isa = PBXBuildFile; fileRef = 7B928F1321540F5700532DC9 /* CommaTypeStrategy.swift */; };
		7B928F1621540FDB00532DC9 /* EqualTypeStrategy.swift in Sources */ = {isa = PBXBuildFile; fileRef = 7B928F1521540FDB00532DC9 /* EqualTypeStrategy.swift */; };
		7B928F182154100E00532DC9 /* ACTypeStrategy.swift in Sources */ = {isa = PBXBuildFile; fileRef = 7B928F172154100E00532DC9 /* ACTypeStrategy.swift */; };
		7B928F1A2154103500532DC9 /* OperationTypeStrategy.swift in Sources */ = {isa = PBXBuildFile; fileRef = 7B928F192154103500532DC9 /* OperationTypeStrategy.swift */; };
		7B928F1C2154106900532DC9 /* Operation.swift in Sources */ = {isa = PBXBuildFile; fileRef = 7B928F1B2154106900532DC9 /* Operation.swift */; };
		7B928F1E215410B700532DC9 /* Sum.swift in Sources */ = {isa = PBXBuildFile; fileRef = 7B928F1D215410B700532DC9 /* Sum.swift */; };
		7B928F20215410C900532DC9 /* Subtract.swift in Sources */ = {isa = PBXBuildFile; fileRef = 7B928F1F215410C900532DC9 /* Subtract.swift */; };
		7B928F22215410EA00532DC9 /* Multiply.swift in Sources */ = {isa = PBXBuildFile; fileRef = 7B928F21215410EA00532DC9 /* Multiply.swift */; };
		7B928F242154110100532DC9 /* Divide.swift in Sources */ = {isa = PBXBuildFile; fileRef = 7B928F232154110100532DC9 /* Divide.swift */; };
		7B928F262154111000532DC9 /* Percentual.swift in Sources */ = {isa = PBXBuildFile; fileRef = 7B928F252154111000532DC9 /* Percentual.swift */; };
		7B928F282154112100532DC9 /* ChangeSign.swift in Sources */ = {isa = PBXBuildFile; fileRef = 7B928F272154112100532DC9 /* ChangeSign.swift */; };
		7BE07FC4213F0543004152E1 /* AppDelegate.swift in Sources */ = {isa = PBXBuildFile; fileRef = 7BE07FC3213F0543004152E1 /* AppDelegate.swift */; };
		7BE07FC6213F0543004152E1 /* ViewController.swift in Sources */ = {isa = PBXBuildFile; fileRef = 7BE07FC5213F0543004152E1 /* ViewController.swift */; };
		7BE07FC9213F0543004152E1 /* Main.storyboard in Resources */ = {isa = PBXBuildFile; fileRef = 7BE07FC7213F0543004152E1 /* Main.storyboard */; };
		7BE07FCB213F0544004152E1 /* Assets.xcassets in Resources */ = {isa = PBXBuildFile; fileRef = 7BE07FCA213F0544004152E1 /* Assets.xcassets */; };
		7BE07FCE213F0544004152E1 /* LaunchScreen.storyboard in Resources */ = {isa = PBXBuildFile; fileRef = 7BE07FCC213F0544004152E1 /* LaunchScreen.storyboard */; };
/* End PBXBuildFile section */

/* Begin PBXFileReference section */
		7B33DD9A2148674500A9593F /* ButtonTypeStrategy.swift */ = {isa = PBXFileReference; lastKnownFileType = sourcecode.swift; path = ButtonTypeStrategy.swift; sourceTree = "<group>"; };
		7B3DC9F821563A6700F0342E /* FastOperationTypeStrategy.swift */ = {isa = PBXFileReference; lastKnownFileType = sourcecode.swift; path = FastOperationTypeStrategy.swift; sourceTree = "<group>"; };
		7B487544215AC50F00002F7B /* UtilityTrasformation.swift */ = {isa = PBXFileReference; lastKnownFileType = sourcecode.swift; path = UtilityTrasformation.swift; sourceTree = "<group>"; };
		7B928F1121540F1000532DC9 /* NumberTypeStrategy.swift */ = {isa = PBXFileReference; lastKnownFileType = sourcecode.swift; path = NumberTypeStrategy.swift; sourceTree = "<group>"; };
		7B928F1321540F5700532DC9 /* CommaTypeStrategy.swift */ = {isa = PBXFileReference; lastKnownFileType = sourcecode.swift; path = CommaTypeStrategy.swift; sourceTree = "<group>"; };
		7B928F1521540FDB00532DC9 /* EqualTypeStrategy.swift */ = {isa = PBXFileReference; lastKnownFileType = sourcecode.swift; path = EqualTypeStrategy.swift; sourceTree = "<group>"; };
		7B928F172154100E00532DC9 /* ACTypeStrategy.swift */ = {isa = PBXFileReference; lastKnownFileType = sourcecode.swift; path = ACTypeStrategy.swift; sourceTree = "<group>"; };
		7B928F192154103500532DC9 /* OperationTypeStrategy.swift */ = {isa = PBXFileReference; lastKnownFileType = sourcecode.swift; path = OperationTypeStrategy.swift; sourceTree = "<group>"; };
		7B928F1B2154106900532DC9 /* Operation.swift */ = {isa = PBXFileReference; lastKnownFileType = sourcecode.swift; path = Operation.swift; sourceTree = "<group>"; };
		7B928F1D215410B700532DC9 /* Sum.swift */ = {isa = PBXFileReference; lastKnownFileType = sourcecode.swift; path = Sum.swift; sourceTree = "<group>"; };
		7B928F1F215410C900532DC9 /* Subtract.swift */ = {isa = PBXFileReference; lastKnownFileType = sourcecode.swift; path = Subtract.swift; sourceTree = "<group>"; };
		7B928F21215410EA00532DC9 /* Multiply.swift */ = {isa = PBXFileReference; lastKnownFileType = sourcecode.swift; path = Multiply.swift; sourceTree = "<group>"; };
		7B928F232154110100532DC9 /* Divide.swift */ = {isa = PBXFileReference; lastKnownFileType = sourcecode.swift; path = Divide.swift; sourceTree = "<group>"; };
		7B928F252154111000532DC9 /* Percentual.swift */ = {isa = PBXFileReference; lastKnownFileType = sourcecode.swift; path = Percentual.swift; sourceTree = "<group>"; };
		7B928F272154112100532DC9 /* ChangeSign.swift */ = {isa = PBXFileReference; lastKnownFileType = sourcecode.swift; path = ChangeSign.swift; sourceTree = "<group>"; };
		7BE07FC0213F0543004152E1 /* Calcolatrice.app */ = {isa = PBXFileReference; explicitFileType = wrapper.application; includeInIndex = 0; path = Calcolatrice.app; sourceTree = BUILT_PRODUCTS_DIR; };
		7BE07FC3213F0543004152E1 /* AppDelegate.swift */ = {isa = PBXFileReference; lastKnownFileType = sourcecode.swift; path = AppDelegate.swift; sourceTree = "<group>"; };
		7BE07FC5213F0543004152E1 /* ViewController.swift */ = {isa = PBXFileReference; lastKnownFileType = sourcecode.swift; path = ViewController.swift; sourceTree = "<group>"; };
		7BE07FC8213F0543004152E1 /* Base */ = {isa = PBXFileReference; lastKnownFileType = file.storyboard; name = Base; path = Base.lproj/Main.storyboard; sourceTree = "<group>"; };
		7BE07FCA213F0544004152E1 /* Assets.xcassets */ = {isa = PBXFileReference; lastKnownFileType = folder.assetcatalog; path = Assets.xcassets; sourceTree = "<group>"; };
		7BE07FCD213F0544004152E1 /* Base */ = {isa = PBXFileReference; lastKnownFileType = file.storyboard; name = Base; path = Base.lproj/LaunchScreen.storyboard; sourceTree = "<group>"; };
		7BE07FCF213F0544004152E1 /* Info.plist */ = {isa = PBXFileReference; lastKnownFileType = text.plist.xml; path = Info.plist; sourceTree = "<group>"; };
/* End PBXFileReference section */

/* Begin PBXFrameworksBuildPhase section */
		7BE07FBD213F0543004152E1 /* Frameworks */ = {
			isa = PBXFrameworksBuildPhase;
			buildActionMask = 2147483647;
			files = (
			);
			runOnlyForDeploymentPostprocessing = 0;
		};
/* End PBXFrameworksBuildPhase section */

/* Begin PBXGroup section */
		7B928F292154116C00532DC9 /* OperationStrategy */ = {
			isa = PBXGroup;
			children = (
				7B928F272154112100532DC9 /* ChangeSign.swift */,
				7B928F252154111000532DC9 /* Percentual.swift */,
				7B928F232154110100532DC9 /* Divide.swift */,
				7B928F21215410EA00532DC9 /* Multiply.swift */,
				7B928F1F215410C900532DC9 /* Subtract.swift */,
				7B928F1D215410B700532DC9 /* Sum.swift */,
				7B928F1B2154106900532DC9 /* Operation.swift */,
			);
			path = OperationStrategy;
			sourceTree = "<group>";
		};
		7B928F2A215411AC00532DC9 /* ButtonStrategy */ = {
			isa = PBXGroup;
			children = (
				7B33DD9A2148674500A9593F /* ButtonTypeStrategy.swift */,
				7B3DC9F821563A6700F0342E /* FastOperationTypeStrategy.swift */,
				7B928F192154103500532DC9 /* OperationTypeStrategy.swift */,
				7B928F172154100E00532DC9 /* ACTypeStrategy.swift */,
				7B928F1521540FDB00532DC9 /* EqualTypeStrategy.swift */,
				7B928F1321540F5700532DC9 /* CommaTypeStrategy.swift */,
				7B928F1121540F1000532DC9 /* NumberTypeStrategy.swift */,
			);
			path = ButtonStrategy;
			sourceTree = "<group>";
		};
		7BE07FB7213F0543004152E1 = {
			isa = PBXGroup;
			children = (
				7BE07FC2213F0543004152E1 /* Calcolatrice */,
				7BE07FC1213F0543004152E1 /* Products */,
			);
			sourceTree = "<group>";
		};
		7BE07FC1213F0543004152E1 /* Products */ = {
			isa = PBXGroup;
			children = (
				7BE07FC0213F0543004152E1 /* Calcolatrice.app */,
			);
			name = Products;
			sourceTree = "<group>";
		};
		7BE07FC2213F0543004152E1 /* Calcolatrice */ = {
			isa = PBXGroup;
			children = (
				7B487544215AC50F00002F7B /* UtilityTrasformation.swift */,
				7B928F292154116C00532DC9 /* OperationStrategy */,
				7B928F2A215411AC00532DC9 /* ButtonStrategy */,
				7BE07FC3213F0543004152E1 /* AppDelegate.swift */,
				7BE07FC5213F0543004152E1 /* ViewController.swift */,
				7BE07FC7213F0543004152E1 /* Main.storyboard */,
				7BE07FCA213F0544004152E1 /* Assets.xcassets */,
				7BE07FCC213F0544004152E1 /* LaunchScreen.storyboard */,
				7BE07FCF213F0544004152E1 /* Info.plist */,
			);
			path = Calcolatrice;
			sourceTree = "<group>";
		};
/* End PBXGroup section */

/* Begin PBXNativeTarget section */
		7BE07FBF213F0543004152E1 /* Calcolatrice */ = {
			isa = PBXNativeTarget;
			buildConfigurationList = 7BE07FD2213F0544004152E1 /* Build configuration list for PBXNativeTarget "Calcolatrice" */;
			buildPhases = (
				7BE07FBC213F0543004152E1 /* Sources */,
				7BE07FBD213F0543004152E1 /* Frameworks */,
				7BE07FBE213F0543004152E1 /* Resources */,
			);
			buildRules = (
			);
			dependencies = (
			);
			name = Calcolatrice;
			productName = Calcolatrice;
			productReference = 7BE07FC0213F0543004152E1 /* Calcolatrice.app */;
			productType = "com.apple.product-type.application";
		};
/* End PBXNativeTarget section */

/* Begin PBXProject section */
		7BE07FB8213F0543004152E1 /* Project object */ = {
			isa = PBXProject;
			attributes = {
				LastSwiftUpdateCheck = 0940;
				LastUpgradeCheck = 0940;
				ORGANIZATIONNAME = "Stefano Fiormarino";
				TargetAttributes = {
					7BE07FBF213F0543004152E1 = {
						CreatedOnToolsVersion = 9.4.1;
						LastSwiftMigration = 1000;
					};
				};
			};
			buildConfigurationList = 7BE07FBB213F0543004152E1 /* Build configuration list for PBXProject "Calcolatrice" */;
			compatibilityVersion = "Xcode 9.3";
			developmentRegion = en;
			hasScannedForEncodings = 0;
			knownRegions = (
				en,
				Base,
			);
			mainGroup = 7BE07FB7213F0543004152E1;
			productRefGroup = 7BE07FC1213F0543004152E1 /* Products */;
			projectDirPath = "";
			projectRoot = "";
			targets = (
				7BE07FBF213F0543004152E1 /* Calcolatrice */,
			);
		};
/* End PBXProject section */

/* Begin PBXResourcesBuildPhase section */
		7BE07FBE213F0543004152E1 /* Resources */ = {
			isa = PBXResourcesBuildPhase;
			buildActionMask = 2147483647;
			files = (
				7BE07FCE213F0544004152E1 /* LaunchScreen.storyboard in Resources */,
				7BE07FCB213F0544004152E1 /* Assets.xcassets in Resources */,
				7BE07FC9213F0543004152E1 /* Main.storyboard in Resources */,
			);
			runOnlyForDeploymentPostprocessing = 0;
		};
/* End PBXResourcesBuildPhase section */

/* Begin PBXSourcesBuildPhase section */
		7BE07FBC213F0543004152E1 /* Sources */ = {
			isa = PBXSourcesBuildPhase;
			buildActionMask = 2147483647;
			files = (
				7B928F1421540F5700532DC9 /* CommaTypeStrategy.swift in Sources */,
				7B928F1621540FDB00532DC9 /* EqualTypeStrategy.swift in Sources */,
				7B33DD9B2148674500A9593F /* ButtonTypeStrategy.swift in Sources */,
				7B928F1221540F1000532DC9 /* NumberTypeStrategy.swift in Sources */,
				7B928F1A2154103500532DC9 /* OperationTypeStrategy.swift in Sources */,
				7B928F1E215410B700532DC9 /* Sum.swift in Sources */,
				7B928F262154111000532DC9 /* Percentual.swift in Sources */,
				7B928F20215410C900532DC9 /* Subtract.swift in Sources */,
				7B928F1C2154106900532DC9 /* Operation.swift in Sources */,
				7B928F242154110100532DC9 /* Divide.swift in Sources */,
				7B928F182154100E00532DC9 /* ACTypeStrategy.swift in Sources */,
				7B928F22215410EA00532DC9 /* Multiply.swift in Sources */,
				7BE07FC6213F0543004152E1 /* ViewController.swift in Sources */,
				7B928F282154112100532DC9 /* ChangeSign.swift in Sources */,
				7B3DC9F921563A6700F0342E /* FastOperationTypeStrategy.swift in Sources */,
				7BE07FC4213F0543004152E1 /* AppDelegate.swift in Sources */,
				7B487545215AC50F00002F7B /* UtilityTrasformation.swift in Sources */,
			);
			runOnlyForDeploymentPostprocessing = 0;
		};
/* End PBXSourcesBuildPhase section */

/* Begin PBXVariantGroup section */
		7BE07FC7213F0543004152E1 /* Main.storyboard */ = {
			isa = PBXVariantGroup;
			children = (
				7BE07FC8213F0543004152E1 /* Base */,
			);
			name = Main.storyboard;
			sourceTree = "<group>";
		};
		7BE07FCC213F0544004152E1 /* LaunchScreen.storyboard */ = {
			isa = PBXVariantGroup;
			children = (
				7BE07FCD213F0544004152E1 /* Base */,
			);
			name = LaunchScreen.storyboard;
			sourceTree = "<group>";
		};
/* End PBXVariantGroup section */

/* Begin XCBuildConfiguration section */
		7BE07FD0213F0544004152E1 /* Debug */ = {
			isa = XCBuildConfiguration;
			buildSettings = {
				ALWAYS_SEARCH_USER_PATHS = NO;
				CLANG_ANALYZER_NONNULL = YES;
				CLANG_ANALYZER_NUMBER_OBJECT_CONVERSION = YES_AGGRESSIVE;
				CLANG_CXX_LANGUAGE_STANDARD = "gnu++14";
				CLANG_CXX_LIBRARY = "libc++";
				CLANG_ENABLE_MODULES = YES;
				CLANG_ENABLE_OBJC_ARC = YES;
				CLANG_ENABLE_OBJC_WEAK = YES;
				CLANG_WARN_BLOCK_CAPTURE_AUTORELEASING = YES;
				CLANG_WARN_BOOL_CONVERSION = YES;
				CLANG_WARN_COMMA = YES;
				CLANG_WARN_CONSTANT_CONVERSION = YES;
				CLANG_WARN_DEPRECATED_OBJC_IMPLEMENTATIONS = YES;
				CLANG_WARN_DIRECT_OBJC_ISA_USAGE = YES_ERROR;
				CLANG_WARN_DOCUMENTATION_COMMENTS = YES;
				CLANG_WARN_EMPTY_BODY = YES;
				CLANG_WARN_ENUM_CONVERSION = YES;
				CLANG_WARN_INFINITE_RECURSION = YES;
				CLANG_WARN_INT_CONVERSION = YES;
				CLANG_WARN_NON_LITERAL_NULL_CONVERSION = YES;
				CLANG_WARN_OBJC_IMPLICIT_RETAIN_SELF = YES;
				CLANG_WARN_OBJC_LITERAL_CONVERSION = YES;
				CLANG_WARN_OBJC_ROOT_CLASS = YES_ERROR;
				CLANG_WARN_RANGE_LOOP_ANALYSIS = YES;
				CLANG_WARN_STRICT_PROTOTYPES = YES;
				CLANG_WARN_SUSPICIOUS_MOVE = YES;
				CLANG_WARN_UNGUARDED_AVAILABILITY = YES_AGGRESSIVE;
				CLANG_WARN_UNREACHABLE_CODE = YES;
				CLANG_WARN__DUPLICATE_METHOD_MATCH = YES;
				CODE_SIGN_IDENTITY = "iPhone Developer";
				COPY_PHASE_STRIP = NO;
				DEBUG_INFORMATION_FORMAT = dwarf;
				ENABLE_STRICT_OBJC_MSGSEND = YES;
				ENABLE_TESTABILITY = YES;
				GCC_C_LANGUAGE_STANDARD = gnu11;
				GCC_DYNAMIC_NO_PIC = NO;
				GCC_NO_COMMON_BLOCKS = YES;
				GCC_OPTIMIZATION_LEVEL = 0;
				GCC_PREPROCESSOR_DEFINITIONS = (
					"DEBUG=1",
					"$(inherited)",
				);
				GCC_WARN_64_TO_32_BIT_CONVERSION = YES;
				GCC_WARN_ABOUT_RETURN_TYPE = YES_ERROR;
				GCC_WARN_UNDECLARED_SELECTOR = YES;
				GCC_WARN_UNINITIALIZED_AUTOS = YES_AGGRESSIVE;
				GCC_WARN_UNUSED_FUNCTION = YES;
				GCC_WARN_UNUSED_VARIABLE = YES;
				IPHONEOS_DEPLOYMENT_TARGET = 11.4;
				MTL_ENABLE_DEBUG_INFO = YES;
				ONLY_ACTIVE_ARCH = YES;
				SDKROOT = iphoneos;
				SWIFT_ACTIVE_COMPILATION_CONDITIONS = DEBUG;
				SWIFT_OPTIMIZATION_LEVEL = "-Onone";
			};
			name = Debug;
		};
		7BE07FD1213F0544004152E1 /* Release */ = {
			isa = XCBuildConfiguration;
			buildSettings = {
				ALWAYS_SEARCH_USER_PATHS = NO;
				CLANG_ANALYZER_NONNULL = YES;
				CLANG_ANALYZER_NUMBER_OBJECT_CONVERSION = YES_AGGRESSIVE;
				CLANG_CXX_LANGUAGE_STANDARD = "gnu++14";
				CLANG_CXX_LIBRARY = "libc++";
				CLANG_ENABLE_MODULES = YES;
				CLANG_ENABLE_OBJC_ARC = YES;
				CLANG_ENABLE_OBJC_WEAK = YES;
				CLANG_WARN_BLOCK_CAPTURE_AUTORELEASING = YES;
				CLANG_WARN_BOOL_CONVERSION = YES;
				CLANG_WARN_COMMA = YES;
				CLANG_WARN_CONSTANT_CONVERSION = YES;
				CLANG_WARN_DEPRECATED_OBJC_IMPLEMENTATIONS = YES;
				CLANG_WARN_DIRECT_OBJC_ISA_USAGE = YES_ERROR;
				CLANG_WARN_DOCUMENTATION_COMMENTS = YES;
				CLANG_WARN_EMPTY_BODY = YES;
				CLANG_WARN_ENUM_CONVERSION = YES;
				CLANG_WARN_INFINITE_RECURSION = YES;
				CLANG_WARN_INT_CONVERSION = YES;
				CLANG_WARN_NON_LITERAL_NULL_CONVERSION = YES;
				CLANG_WARN_OBJC_IMPLICIT_RETAIN_SELF = YES;
				CLANG_WARN_OBJC_LITERAL_CONVERSION = YES;
				CLANG_WARN_OBJC_ROOT_CLASS = YES_ERROR;
				CLANG_WARN_RANGE_LOOP_ANALYSIS = YES;
				CLANG_WARN_STRICT_PROTOTYPES = YES;
				CLANG_WARN_SUSPICIOUS_MOVE = YES;
				CLANG_WARN_UNGUARDED_AVAILABILITY = YES_AGGRESSIVE;
				CLANG_WARN_UNREACHABLE_CODE = YES;
				CLANG_WARN__DUPLICATE_METHOD_MATCH = YES;
				CODE_SIGN_IDENTITY = "iPhone Developer";
				COPY_PHASE_STRIP = NO;
				DEBUG_INFORMATION_FORMAT = "dwarf-with-dsym";
				ENABLE_NS_ASSERTIONS = NO;
				ENABLE_STRICT_OBJC_MSGSEND = YES;
				GCC_C_LANGUAGE_STANDARD = gnu11;
				GCC_NO_COMMON_BLOCKS = YES;
				GCC_WARN_64_TO_32_BIT_CONVERSION = YES;
				GCC_WARN_ABOUT_RETURN_TYPE = YES_ERROR;
				GCC_WARN_UNDECLARED_SELECTOR = YES;
				GCC_WARN_UNINITIALIZED_AUTOS = YES_AGGRESSIVE;
				GCC_WARN_UNUSED_FUNCTION = YES;
				GCC_WARN_UNUSED_VARIABLE = YES;
				IPHONEOS_DEPLOYMENT_TARGET = 11.4;
				MTL_ENABLE_DEBUG_INFO = NO;
				SDKROOT = iphoneos;
				SWIFT_COMPILATION_MODE = wholemodule;
				SWIFT_OPTIMIZATION_LEVEL = "-O";
				VALIDATE_PRODUCT = YES;
			};
			name = Release;
		};
		7BE07FD3213F0544004152E1 /* Debug */ = {
			isa = XCBuildConfiguration;
			buildSettings = {
				ASSETCATALOG_COMPILER_APPICON_NAME = AppIcon;
				CODE_SIGN_STYLE = Automatic;
				DEVELOPMENT_TEAM = YUH6W87445;
				INFOPLIST_FILE = Calcolatrice/Info.plist;
				LD_RUNPATH_SEARCH_PATHS = (
					"$(inherited)",
					"@executable_path/Frameworks",
				);
				PRODUCT_BUNDLE_IDENTIFIER = com.stefanofiormarino.Calcolatrice;
				PRODUCT_NAME = "$(TARGET_NAME)";
				SWIFT_VERSION = 4.2;
				TARGETED_DEVICE_FAMILY = "1,2";
			};
			name = Debug;
		};
		7BE07FD4213F0544004152E1 /* Release */ = {
			isa = XCBuildConfiguration;
			buildSettings = {
				ASSETCATALOG_COMPILER_APPICON_NAME = AppIcon;
				CODE_SIGN_STYLE = Automatic;
				DEVELOPMENT_TEAM = YUH6W87445;
				INFOPLIST_FILE = Calcolatrice/Info.plist;
				LD_RUNPATH_SEARCH_PATHS = (
					"$(inherited)",
					"@executable_path/Frameworks",
				);
				PRODUCT_BUNDLE_IDENTIFIER = com.stefanofiormarino.Calcolatrice;
				PRODUCT_NAME = "$(TARGET_NAME)";
				SWIFT_VERSION = 4.2;
				TARGETED_DEVICE_FAMILY = "1,2";
			};
			name = Release;
		};
/* End XCBuildConfiguration section */

/* Begin XCConfigurationList section */
		7BE07FBB213F0543004152E1 /* Build configuration list for PBXProject "Calcolatrice" */ = {
			isa = XCConfigurationList;
			buildConfigurations = (
				7BE07FD0213F0544004152E1 /* Debug */,
				7BE07FD1213F0544004152E1 /* Release */,
			);
			defaultConfigurationIsVisible = 0;
			defaultConfigurationName = Release;
		};
		7BE07FD2213F0544004152E1 /* Build configuration list for PBXNativeTarget "Calcolatrice" */ = {
			isa = XCConfigurationList;
			buildConfigurations = (
				7BE07FD3213F0544004152E1 /* Debug */,
				7BE07FD4213F0544004152E1 /* Release */,
			);
			defaultConfigurationIsVisible = 0;
			defaultConfigurationName = Release;
		};
/* End XCConfigurationList section */
	};
	rootObject = 7BE07FB8213F0543004152E1 /* Project object */;
}
